
Microsoft Visual Studio Solution File, Format Version 12.00
# Visual Studio 14
VisualStudioVersion = 14.0.25420.1
MinimumVisualStudioVersion = 10.0.40219.1
Project("{FAE04EC0-301F-11D3-BF4B-00C04F79EFBC}") = "CustomersApp", "CustomersApp\CustomersApp.csproj", "{988AC6F7-7D58-43EE-993E-47703A9D1951}"
EndProject
Project("{FAE04EC0-301F-11D3-BF4B-00C04F79EFBC}") = "DAL", "DAL\DAL.csproj", "{FAF3DBCF-06D2-42CA-A70D-2D52E534B463}"
EndProject
Project("{FAE04EC0-301F-11D3-BF4B-00C04F79EFBC}") = "BL", "BL\BL.csproj", "{663EE607-D781-4521-828A-775740698235}"
EndProject
Global
	GlobalSection(SolutionConfigurationPlatforms) = preSolution
		Debug|Any CPU = Debug|Any CPU
		Release|Any CPU = Release|Any CPU
	EndGlobalSection
	GlobalSection(ProjectConfigurationPlatforms) = postSolution
		{988AC6F7-7D58-43EE-993E-47703A9D1951}.Debug|Any CPU.ActiveCfg = Debug|Any CPU
		{988AC6F7-7D58-43EE-993E-47703A9D1951}.Debug|Any CPU.Build.0 = Debug|Any CPU
		{988AC6F7-7D58-43EE-993E-47703A9D1951}.Release|Any CPU.ActiveCfg = Release|Any CPU
		{988AC6F7-7D58-43EE-993E-47703A9D1951}.Release|Any CPU.Build.0 = Release|Any CPU
		{FAF3DBCF-06D2-42CA-A70D-2D52E534B463}.Debug|Any CPU.ActiveCfg = Debug|Any CPU
		{FAF3DBCF-06D2-42CA-A70D-2D52E534B463}.Debug|Any CPU.Build.0 = Debug|Any CPU
		{FAF3DBCF-06D2-42CA-A70D-2D52E534B463}.Release|Any CPU.ActiveCfg = Release|Any CPU
		{FAF3DBCF-06D2-42CA-A70D-2D52E534B463}.Release|Any CPU.Build.0 = Release|Any CPU
		{663EE607-D781-4521-828A-775740698235}.Debug|Any CPU.ActiveCfg = Debug|Any CPU
		{663EE607-D781-4521-828A-775740698235}.Debug|Any CPU.Build.0 = Debug|Any CPU
		{663EE607-D781-4521-828A-775740698235}.Release|Any CPU.ActiveCfg = Release|Any CPU
		{663EE607-D781-4521-828A-775740698235}.Release|Any CPU.Build.0 = Release|Any CPU
	EndGlobalSection
	GlobalSection(SolutionProperties) = preSolution
		HideSolutionNode = FALSE
	EndGlobalSection
EndGlobal
